
Microsoft Visual Studio Solution File, Format Version 11.00
# Visual Studio 2010
Project("{8BC9CEB8-8B4A-11D0-8D11-00A0C91BC942}") = "SDL-scrollPNG", "SDL-scrollPNG\SDL-scrollPNG.vcxproj", "{7A45494E-73DB-41E5-AF92-9202B9966C66}"
EndProject
Global
	GlobalSection(SolutionConfigurationPlatforms) = preSolution
		Debug|Win32 = Debug|Win32
		Release|Win32 = Release|Win32
	EndGlobalSection
	GlobalSection(ProjectConfigurationPlatforms) = postSolution
		{7A45494E-73DB-41E5-AF92-9202B9966C66}.Debug|Win32.ActiveCfg = Debug|Win32
		{7A45494E-73DB-41E5-AF92-9202B9966C66}.Debug|Win32.Build.0 = Debug|Win32
		{7A45494E-73DB-41E5-AF92-9202B9966C66}.Release|Win32.ActiveCfg = Release|Win32
		{7A45494E-73DB-41E5-AF92-9202B9966C66}.Release|Win32.Build.0 = Release|Win32
	EndGlobalSection
	GlobalSection(SolutionProperties) = preSolution
		HideSolutionNode = FALSE
	EndGlobalSection
EndGlobal
